Microsoft Visual Studio Solution File, Format Version 12.00
# Visual Studio Version 17
VisualStudioVersion = 17.5.2.0
MinimumVisualStudioVersion = 10.0.40219.1
Project("{FAE04EC0-301F-11D3-BF4B-00C04F79EFBC}") = "ProcRipper (Grix)", "ProcRipper (Grix).csproj", "{DA3D3773-5D21-153D-7970-17A1567AF835}"
EndProject
Global
	GlobalSection(SolutionConfigurationPlatforms) = preSolution
		Debug|Any CPU = Debug|Any CPU
		Release|Any CPU = Release|Any CPU
	EndGlobalSection
	GlobalSection(ProjectConfigurationPlatforms) = postSolution
		{DA3D3773-5D21-153D-7970-17A1567AF835}.Debug|Any CPU.ActiveCfg = Debug|Any CPU
		{DA3D3773-5D21-153D-7970-17A1567AF835}.Debug|Any CPU.Build.0 = Debug|Any CPU
		{DA3D3773-5D21-153D-7970-17A1567AF835}.Release|Any CPU.ActiveCfg = Release|Any CPU
		{DA3D3773-5D21-153D-7970-17A1567AF835}.Release|Any CPU.Build.0 = Release|Any CPU
	EndGlobalSection
	GlobalSection(SolutionProperties) = preSolution
		HideSolutionNode = FALSE
	EndGlobalSection
	GlobalSection(ExtensibilityGlobals) = postSolution
		SolutionGuid = {BDFBB0A8-BA21-48E3-9054-7BFBC7353BEE}
	EndGlobalSection
EndGlobal
